
Microsoft Visual Studio Solution File, Format Version 12.00
# Visual Studio Version 17
VisualStudioVersion = 17.6.33723.286
MinimumVisualStudioVersion = 10.0.40219.1
Project("{FAE04EC0-301F-11D3-BF4B-00C04F79EFBC}") = "updater", "updater\updater.csproj", "{A84D3F49-1A5B-4E38-8A53-41AAC21C273E}"
EndProject
Global
	GlobalSection(SolutionConfigurationPlatforms) = preSolution
		Debug|Any CPU = Debug|Any CPU
		Release|Any CPU = Release|Any CPU
	EndGlobalSection
	GlobalSection(ProjectConfigurationPlatforms) = postSolution
		{A84D3F49-1A5B-4E38-8A53-41AAC21C273E}.Debug|Any CPU.ActiveCfg = Debug|Any CPU
		{A84D3F49-1A5B-4E38-8A53-41AAC21C273E}.Debug|Any CPU.Build.0 = Debug|Any CPU
		{A84D3F49-1A5B-4E38-8A53-41AAC21C273E}.Release|Any CPU.ActiveCfg = Release|Any CPU
		{A84D3F49-1A5B-4E38-8A53-41AAC21C273E}.Release|Any CPU.Build.0 = Release|Any CPU
	EndGlobalSection
	GlobalSection(SolutionProperties) = preSolution
		HideSolutionNode = FALSE
	EndGlobalSection
	GlobalSection(ExtensibilityGlobals) = postSolution
		SolutionGuid = {78211883-9C79-48ED-A6B2-9DBB64992240}
	EndGlobalSection
EndGlobal
